<?xml version="1.0" encoding="utf-8"?>
<Project ToolsVersion="4.0" xmlns="http://schemas.microsoft.com/developer/msbuild/2003">
  <ItemGroup>
    <Filter Include="Source Files">
      <UniqueIdentifier>{e2daeb2b-fcee-4942-ab66-eb9b886e38dc}</UniqueIdentifier>
      <Extensions>cpp;c;cxx;rc;def;r;odl;idl;hpj;bat</Extensions>
    </Filter>
    <Filter Include="Header Files">
      <UniqueIdentifier>{5b8c60e6-32d4-4042-830f-881e8af74588}</UniqueIdentifier>
      <Extensions>h;hpp;hxx;hm;inl</Extensions>
    </Filter>
    <Filter Include="Resource Files">
      <UniqueIdentifier>{7a630ac5-699a-40da-bfcd-970efcc34c05}</UniqueIdentifier>
      <Extensions>ico;cur;bmp;dlg;rc2;rct;bin;rgs;gif;jpg;jpeg;jpe</Extensions>
    </Filter>
    <Filter Include="Login">
      <UniqueIdentifier>{2a73cb0c-9889-4a90-837f-5f48a50ff33d}</UniqueIdentifier>
    </Filter>
    <Filter Include="TR">
      <UniqueIdentifier>{7103115e-9b92-433a-9090-7a862b307b94}</UniqueIdentifier>
    </Filter>
    <Filter Include="TR\주식">
      <UniqueIdentifier>{9fe32770-bf0c-4154-aedc-da6b17e6668e}</UniqueIdentifier>
    </Filter>
    <Filter Include="TR\선물옵션">
      <UniqueIdentifier>{05d80da0-0e0c-40e9-95af-a6e2e8e21d77}</UniqueIdentifier>
    </Filter>
    <Filter Include="TR\투자자">
      <UniqueIdentifier>{1d2a662a-93ca-43cf-adda-3b03ffa8da13}</UniqueIdentifier>
    </Filter>
    <Filter Include="TR\기타">
      <UniqueIdentifier>{0996fdce-c6d5-4785-8931-26ad252d8fb8}</UniqueIdentifier>
    </Filter>
    <Filter Include="TR\선물 CME">
      <UniqueIdentifier>{317a435d-ace6-4f5d-aa28-6c99416d4d2b}</UniqueIdentifier>
    </Filter>
  </ItemGroup>
  <ItemGroup>
    <ClCompile Include="ChildFrm.cpp">
      <Filter>Source Files</Filter>
    </ClCompile>
    <ClCompile Include="ChildView.cpp">
      <Filter>Source Files</Filter>
    </ClCompile>
    <ClCompile Include="DlgTRBar.cpp">
      <Filter>Source Files</Filter>
    </ClCompile>
    <ClCompile Include="MainFrm.cpp">
      <Filter>Source Files</Filter>
    </ClCompile>
    <ClCompile Include="scbarg.cpp">
      <Filter>Source Files</Filter>
    </ClCompile>
    <ClCompile Include="sizecbar.cpp">
      <Filter>Source Files</Filter>
    </ClCompile>
    <ClCompile Include="StdAfx.cpp">
      <Filter>Source Files</Filter>
    </ClCompile>
    <ClCompile Include="TRBar.cpp">
      <Filter>Source Files</Filter>
    </ClCompile>
    <ClCompile Include="XingAPI_Sample.cpp">
      <Filter>Source Files</Filter>
    </ClCompile>
    <ClCompile Include="DlgLogin.cpp">
      <Filter>Login</Filter>
    </ClCompile>
    <ClCompile Include="Dlg_CSPAQ02200.cpp">
      <Filter>TR\주식</Filter>
    </ClCompile>
    <ClCompile Include="Dlg_CSPAQ02300.cpp">
      <Filter>TR\주식</Filter>
    </ClCompile>
    <ClCompile Include="Dlg_CSPAQ03700.cpp">
      <Filter>TR\주식</Filter>
    </ClCompile>
    <ClCompile Include="Dlg_CSPAT00600.cpp">
      <Filter>TR\주식</Filter>
    </ClCompile>
    <ClCompile Include="Dlg_CSPAT00700.cpp">
      <Filter>TR\주식</Filter>
    </ClCompile>
    <ClCompile Include="Dlg_CSPAT00800.cpp">
      <Filter>TR\주식</Filter>
    </ClCompile>
    <ClCompile Include="Dlg_CSPBQ00200.cpp">
      <Filter>TR\주식</Filter>
    </ClCompile>
    <ClCompile Include="Dlg_H1_.cpp">
      <Filter>TR\주식</Filter>
    </ClCompile>
    <ClCompile Include="Dlg_H2_.cpp">
      <Filter>TR\주식</Filter>
    </ClCompile>
    <ClCompile Include="Dlg_h2_ELW.cpp">
      <Filter>TR\주식</Filter>
    </ClCompile>
    <ClCompile Include="Dlg_h3_ELW.cpp">
      <Filter>TR\주식</Filter>
    </ClCompile>
    <ClCompile Include="Dlg_SC0.cpp">
      <Filter>TR\주식</Filter>
    </ClCompile>
    <ClCompile Include="Dlg_SC1.cpp">
      <Filter>TR\주식</Filter>
    </ClCompile>
    <ClCompile Include="Dlg_SC2.cpp">
      <Filter>TR\주식</Filter>
    </ClCompile>
    <ClCompile Include="Dlg_SC3.cpp">
      <Filter>TR\주식</Filter>
    </ClCompile>
    <ClCompile Include="Dlg_SC4.cpp">
      <Filter>TR\주식</Filter>
    </ClCompile>
    <ClCompile Include="Dlg_t1101.cpp">
      <Filter>TR\주식</Filter>
    </ClCompile>
    <ClCompile Include="Dlg_t1301.cpp">
      <Filter>TR\주식</Filter>
    </ClCompile>
    <ClCompile Include="Dlg_t1305.cpp">
      <Filter>TR\주식</Filter>
    </ClCompile>
    <ClCompile Include="Dlg_t1452.cpp">
      <Filter>TR\주식</Filter>
    </ClCompile>
    <ClCompile Include="Dlg_CFOAQ00600.cpp">
      <Filter>TR\선물옵션</Filter>
    </ClCompile>
    <ClCompile Include="Dlg_CFOAT00100.cpp">
      <Filter>TR\선물옵션</Filter>
    </ClCompile>
    <ClCompile Include="Dlg_CFOAT00200.cpp">
      <Filter>TR\선물옵션</Filter>
    </ClCompile>
    <ClCompile Include="Dlg_CFOAT00300.cpp">
      <Filter>TR\선물옵션</Filter>
    </ClCompile>
    <ClCompile Include="Dlg_CFOFQ02400.cpp">
      <Filter>TR\선물옵션</Filter>
    </ClCompile>
    <ClCompile Include="Dlg_FC0.cpp">
      <Filter>TR\선물옵션</Filter>
    </ClCompile>
    <ClCompile Include="Dlg_JC0.cpp">
      <Filter>TR\선물옵션</Filter>
    </ClCompile>
    <ClCompile Include="Dlg_t1601.cpp">
      <Filter>TR\선물옵션</Filter>
    </ClCompile>
    <ClCompile Include="Dlg_BM_.cpp">
      <Filter>TR\투자자</Filter>
    </ClCompile>
    <ClCompile Include="Dlg_BMT.cpp">
      <Filter>TR\투자자</Filter>
    </ClCompile>
    <ClCompile Include="Dlg_t9942.cpp">
      <Filter>TR\기타</Filter>
    </ClCompile>
    <ClCompile Include="Dlg_t9943.cpp">
      <Filter>TR\기타</Filter>
    </ClCompile>
    <ClCompile Include="Dlg_t9944.cpp">
      <Filter>TR\기타</Filter>
    </ClCompile>
    <ClCompile Include="Dlg_CCEAT00100.cpp">
      <Filter>TR\선물 CME</Filter>
    </ClCompile>
    <ClCompile Include="Dlg_CCEAT00200.cpp">
      <Filter>TR\선물 CME</Filter>
    </ClCompile>
    <ClCompile Include="Dlg_CCEAT00300.cpp">
      <Filter>TR\선물 CME</Filter>
    </ClCompile>
    <ClCompile Include="Dlg_night.cpp">
      <Filter>Source Files</Filter>
    </ClCompile>
    <ClCompile Include="Dlg_JEKYLL.cpp">
      <Filter>Source Files</Filter>
    </ClCompile>
  </ItemGroup>
  <ItemGroup>
    <ResourceCompile Include="XingAPI_Sample.rc">
      <Filter>Source Files</Filter>
    </ResourceCompile>
  </ItemGroup>
  <ItemGroup>
    <ClInclude Include="ChildFrm.h">
      <Filter>Header Files</Filter>
    </ClInclude>
    <ClInclude Include="ChildView.h">
      <Filter>Header Files</Filter>
    </ClInclude>
    <ClInclude Include="DlgTRBar.h">
      <Filter>Header Files</Filter>
    </ClInclude>
    <ClInclude Include="IXingAPI.h">
      <Filter>Header Files</Filter>
    </ClInclude>
    <ClInclude Include="MainFrm.h">
      <Filter>Header Files</Filter>
    </ClInclude>
    <ClInclude Include="Resource.h">
      <Filter>Header Files</Filter>
    </ClInclude>
    <ClInclude Include="scbarg.h">
      <Filter>Header Files</Filter>
    </ClInclude>
    <ClInclude Include="sizecbar.h">
      <Filter>Header Files</Filter>
    </ClInclude>
    <ClInclude Include="StdAfx.h">
      <Filter>Header Files</Filter>
    </ClInclude>
    <ClInclude Include="TRBar.h">
      <Filter>Header Files</Filter>
    </ClInclude>
    <ClInclude Include="XingAPI_Sample.h">
      <Filter>Header Files</Filter>
    </ClInclude>
    <ClInclude Include="DlgLogin.h">
      <Filter>Login</Filter>
    </ClInclude>
    <ClInclude Include="Dlg_CSPAQ02200.h">
      <Filter>TR\주식</Filter>
    </ClInclude>
    <ClInclude Include="Dlg_CSPAQ02300.h">
      <Filter>TR\주식</Filter>
    </ClInclude>
    <ClInclude Include="Dlg_CSPAQ03700.h">
      <Filter>TR\주식</Filter>
    </ClInclude>
    <ClInclude Include="Dlg_CSPAT00600.h">
      <Filter>TR\주식</Filter>
    </ClInclude>
    <ClInclude Include="Dlg_CSPAT00700.h">
      <Filter>TR\주식</Filter>
    </ClInclude>
    <ClInclude Include="Dlg_CSPAT00800.h">
      <Filter>TR\주식</Filter>
    </ClInclude>
    <ClInclude Include="Dlg_CSPBQ00200.h">
      <Filter>TR\주식</Filter>
    </ClInclude>
    <ClInclude Include="Dlg_H1_.h">
      <Filter>TR\주식</Filter>
    </ClInclude>
    <ClInclude Include="Dlg_H2_.h">
      <Filter>TR\주식</Filter>
    </ClInclude>
    <ClInclude Include="Dlg_h2_ELW.h">
      <Filter>TR\주식</Filter>
    </ClInclude>
    <ClInclude Include="Dlg_h3_ELW.h">
      <Filter>TR\주식</Filter>
    </ClInclude>
    <ClInclude Include="Dlg_SC0.h">
      <Filter>TR\주식</Filter>
    </ClInclude>
    <ClInclude Include="Dlg_SC1.h">
      <Filter>TR\주식</Filter>
    </ClInclude>
    <ClInclude Include="Dlg_SC2.h">
      <Filter>TR\주식</Filter>
    </ClInclude>
    <ClInclude Include="Dlg_SC3.h">
      <Filter>TR\주식</Filter>
    </ClInclude>
    <ClInclude Include="Dlg_SC4.h">
      <Filter>TR\주식</Filter>
    </ClInclude>
    <ClInclude Include="Dlg_t1101.h">
      <Filter>TR\주식</Filter>
    </ClInclude>
    <ClInclude Include="Dlg_t1301.h">
      <Filter>TR\주식</Filter>
    </ClInclude>
    <ClInclude Include="Dlg_t1305.h">
      <Filter>TR\주식</Filter>
    </ClInclude>
    <ClInclude Include="Dlg_t1452.h">
      <Filter>TR\주식</Filter>
    </ClInclude>
    <ClInclude Include="Dlg_CFOAQ00600.h">
      <Filter>TR\선물옵션</Filter>
    </ClInclude>
    <ClInclude Include="Dlg_CFOAT00100.h">
      <Filter>TR\선물옵션</Filter>
    </ClInclude>
    <ClInclude Include="Dlg_CFOAT00200.h">
      <Filter>TR\선물옵션</Filter>
    </ClInclude>
    <ClInclude Include="Dlg_CFOAT00300.h">
      <Filter>TR\선물옵션</Filter>
    </ClInclude>
    <ClInclude Include="Dlg_CFOFQ02400.h">
      <Filter>TR\선물옵션</Filter>
    </ClInclude>
    <ClInclude Include="Dlg_FC0.h">
      <Filter>TR\선물옵션</Filter>
    </ClInclude>
    <ClInclude Include="Dlg_JC0.h">
      <Filter>TR\선물옵션</Filter>
    </ClInclude>
    <ClInclude Include="Dlg_t1601.h">
      <Filter>TR\선물옵션</Filter>
    </ClInclude>
    <ClInclude Include="Dlg_BM_.h">
      <Filter>TR\투자자</Filter>
    </ClInclude>
    <ClInclude Include="Dlg_BMT.h">
      <Filter>TR\투자자</Filter>
    </ClInclude>
    <ClInclude Include="Dlg_t9942.h">
      <Filter>TR\기타</Filter>
    </ClInclude>
    <ClInclude Include="Dlg_t9943.h">
      <Filter>TR\기타</Filter>
    </ClInclude>
    <ClInclude Include="Dlg_t9944.h">
      <Filter>TR\기타</Filter>
    </ClInclude>
    <ClInclude Include="Dlg_CCEAT00100.h">
      <Filter>TR\선물 CME</Filter>
    </ClInclude>
    <ClInclude Include="Dlg_CCEAT00200.h">
      <Filter>TR\선물 CME</Filter>
    </ClInclude>
    <ClInclude Include="Dlg_CCEAT00300.h">
      <Filter>TR\선물 CME</Filter>
    </ClInclude>
    <ClInclude Include="Dlg_night.h">
      <Filter>Header Files</Filter>
    </ClInclude>
    <ClInclude Include="Dlg_JEKYLL.h">
      <Filter>Header Files</Filter>
    </ClInclude>
  </ItemGroup>
  <ItemGroup>
    <Image Include="res\XingAPI_Sample.ico">
      <Filter>Resource Files</Filter>
    </Image>
  </ItemGroup>
  <ItemGroup>
    <Text Include="ReadMe.txt" />
  </ItemGroup>
  <ItemGroup>
    <CustomBuild Include="res\XingAPI_Sample.rc2">
      <Filter>Resource Files</Filter>
    </CustomBuild>
  </ItemGroup>
  <ItemGroup>
    <None Include="ClassDiagram.cd" />
    <None Include="ClassDiagram1.cd" />
  </ItemGroup>
</Project>